// !$*UTF8*$!
{
	archiveVersion = 1;
	classes = {
	};
	objectVersion = 46;
	objects = {

/* Begin PBXBuildFile section */
		7F539924192163CD00060066 /* Cocoa.framework in Frameworks */ = {isa = PBXBuildFile; fileRef = 7F539923192163CD00060066 /* Cocoa.framework */; };
		7F53992E192163CD00060066 /* InfoPlist.strings in Resources */ = {isa = PBXBuildFile; fileRef = 7F53992C192163CD00060066 /* InfoPlist.strings */; };
		7F539930192163CD00060066 /* main.m in Sources */ = {isa = PBXBuildFile; fileRef = 7F53992F192163CD00060066 /* main.m */; };
		7F539934192163CD00060066 /* Credits.rtf in Resources */ = {isa = PBXBuildFile; fileRef = 7F539932192163CD00060066 /* Credits.rtf */; };
		7F539937192163CD00060066 /* AppDelegate.m in Sources */ = {isa = PBXBuildFile; fileRef = 7F539936192163CD00060066 /* AppDelegate.m */; };
		7F53993A192163CE00060066 /* MainMenu.xib in Resources */ = {isa = PBXBuildFile; fileRef = 7F539938192163CE00060066 /* MainMenu.xib */; };
		7F53993C192163CE00060066 /* Images.xcassets in Resources */ = {isa = PBXBuildFile; fileRef = 7F53993B192163CE00060066 /* Images.xcassets */; };
		7F539943192163CE00060066 /* XCTest.framework in Frameworks */ = {isa = PBXBuildFile; fileRef = 7F539942192163CE00060066 /* XCTest.framework */; };
		7F539944192163CE00060066 /* Cocoa.framework in Frameworks */ = {isa = PBXBuildFile; fileRef = 7F539923192163CD00060066 /* Cocoa.framework */; };
		7F53994C192163CE00060066 /* InfoPlist.strings in Resources */ = {isa = PBXBuildFile; fileRef = 7F53994A192163CE00060066 /* InfoPlist.strings */; };
		7F53994E192163CE00060066 /* InspireTests.m in Sources */ = {isa = PBXBuildFile; fileRef = 7F53994D192163CE00060066 /* InspireTests.m */; };
		7FFC3F9719217473003205EE /* PrefsViewController.m in Sources */ = {isa = PBXBuildFile; fileRef = 7FFC3F9519217473003205EE /* PrefsViewController.m */; };
		7FFC3F9819217473003205EE /* PrefsViewController.xib in Resources */ = {isa = PBXBuildFile; fileRef = 7FFC3F9619217473003205EE /* PrefsViewController.xib */; };
/* End PBXBuildFile section */

/* Begin PBXContainerItemProxy section */
		7F539945192163CE00060066 /* PBXContainerItemProxy */ = {
			isa = PBXContainerItemProxy;
			containerPortal = 7F539918192163CD00060066 /* Project object */;
			proxyType = 1;
			remoteGlobalIDString = 7F53991F192163CD00060066;
			remoteInfo = Inspire;
		};
/* End PBXContainerItemProxy section */

/* Begin PBXFileReference section */
		7F539920192163CD00060066 /* Inspire.app */ = {isa = PBXFileReference; explicitFileType = wrapper.application; includeInIndex = 0; path = Inspire.app; sourceTree = BUILT_PRODUCTS_DIR; };
		7F539923192163CD00060066 /* Cocoa.framework */ = {isa = PBXFileReference; lastKnownFileType = wrapper.framework; name = Cocoa.framework; path = System/Library/Frameworks/Cocoa.framework; sourceTree = SDKROOT; };
		7F539926192163CD00060066 /* AppKit.framework */ = {isa = PBXFileReference; lastKnownFileType = wrapper.framework; name = AppKit.framework; path = System/Library/Frameworks/AppKit.framework; sourceTree = SDKROOT; };
		7F539927192163CD00060066 /* CoreData.framework */ = {isa = PBXFileReference; lastKnownFileType = wrapper.framework; name = CoreData.framework; path = System/Library/Frameworks/CoreData.framework; sourceTree = SDKROOT; };
		7F539928192163CD00060066 /* Foundation.framework */ = {isa = PBXFileReference; lastKnownFileType = wrapper.framework; name = Foundation.framework; path = System/Library/Frameworks/Foundation.framework; sourceTree = SDKROOT; };
		7F53992B192163CD00060066 /* Inspire-Info.plist */ = {isa = PBXFileReference; lastKnownFileType = text.plist.xml; path = "Inspire-Info.plist"; sourceTree = "<group>"; };
		7F53992D192163CD00060066 /* en */ = {isa = PBXFileReference; lastKnownFileType = text.plist.strings; name = en; path = en.lproj/InfoPlist.strings; sourceTree = "<group>"; };
		7F53992F192163CD00060066 /* main.m */ = {isa = PBXFileReference; lastKnownFileType = sourcecode.c.objc; path = main.m; sourceTree = "<group>"; };
		7F539931192163CD00060066 /* Inspire-Prefix.pch */ = {isa = PBXFileReference; lastKnownFileType = sourcecode.c.h; path = "Inspire-Prefix.pch"; sourceTree = "<group>"; };
		7F539933192163CD00060066 /* en */ = {isa = PBXFileReference; lastKnownFileType = text.rtf; name = en; path = en.lproj/Credits.rtf; sourceTree = "<group>"; };
		7F539935192163CD00060066 /* AppDelegate.h */ = {isa = PBXFileReference; lastKnownFileType = sourcecode.c.h; path = AppDelegate.h; sourceTree = "<group>"; };
		7F539936192163CD00060066 /* AppDelegate.m */ = {isa = PBXFileReference; lastKnownFileType = sourcecode.c.objc; path = AppDelegate.m; sourceTree = "<group>"; };
		7F539939192163CE00060066 /* Base */ = {isa = PBXFileReference; lastKnownFileType = file.xib; name = Base; path = Base.lproj/MainMenu.xib; sourceTree = "<group>"; };
		7F53993B192163CE00060066 /* Images.xcassets */ = {isa = PBXFileReference; lastKnownFileType = folder.assetcatalog; path = Images.xcassets; sourceTree = "<group>"; };
		7F539941192163CE00060066 /* InspireTests.xctest */ = {isa = PBXFileReference; explicitFileType = wrapper.cfbundle; includeInIndex = 0; path = InspireTests.xctest; sourceTree = BUILT_PRODUCTS_DIR; };
		7F539942192163CE00060066 /* XCTest.framework */ = {isa = PBXFileReference; lastKnownFileType = wrapper.framework; name = XCTest.framework; path = Library/Frameworks/XCTest.framework; sourceTree = DEVELOPER_DIR; };
		7F539949192163CE00060066 /* InspireTests-Info.plist */ = {isa = PBXFileReference; lastKnownFileType = text.plist.xml; path = "InspireTests-Info.plist"; sourceTree = "<group>"; };
		7F53994B192163CE00060066 /* en */ = {isa = PBXFileReference; lastKnownFileType = text.plist.strings; name = en; path = en.lproj/InfoPlist.strings; sourceTree = "<group>"; };
		7F53994D192163CE00060066 /* InspireTests.m */ = {isa = PBXFileReference; lastKnownFileType = sourcecode.c.objc; path = InspireTests.m; sourceTree = "<group>"; };
		7FFC3F9419217473003205EE /* PrefsViewController.h */ = {isa = PBXFileReference; fileEncoding = 4; lastKnownFileType = sourcecode.c.h; path = PrefsViewController.h; sourceTree = "<group>"; };
		7FFC3F9519217473003205EE /* PrefsViewController.m */ = {isa = PBXFileReference; fileEncoding = 4; lastKnownFileType = sourcecode.c.objc; path = PrefsViewController.m; sourceTree = "<group>"; };
		7FFC3F9619217473003205EE /* PrefsViewController.xib */ = {isa = PBXFileReference; fileEncoding = 4; lastKnownFileType = file.xib; path = PrefsViewController.xib; sourceTree = "<group>"; };
/* End PBXFileReference section */

/* Begin PBXFrameworksBuildPhase section */
		7F53991D192163CD00060066 /* Frameworks */ = {
			isa = PBXFrameworksBuildPhase;
			buildActionMask = 2147483647;
			files = (
				7F539924192163CD00060066 /* Cocoa.framework in Frameworks */,
			);
			runOnlyForDeploymentPostprocessing = 0;
		};
		7F53993E192163CE00060066 /* Frameworks */ = {
			isa = PBXFrameworksBuildPhase;
			buildActionMask = 2147483647;
			files = (
				7F539944192163CE00060066 /* Cocoa.framework in Frameworks */,
				7F539943192163CE00060066 /* XCTest.framework in Frameworks */,
			);
			runOnlyForDeploymentPostprocessing = 0;
		};
/* End PBXFrameworksBuildPhase section */

/* Begin PBXGroup section */
		7F539917192163CD00060066 = {
			isa = PBXGroup;
			children = (
				7F539929192163CD00060066 /* Inspire */,
				7F539947192163CE00060066 /* InspireTests */,
				7F539922192163CD00060066 /* Frameworks */,
				7F539921192163CD00060066 /* Products */,
			);
			sourceTree = "<group>";
		};
		7F539921192163CD00060066 /* Products */ = {
			isa = PBXGroup;
			children = (
				7F539920192163CD00060066 /* Inspire.app */,
				7F539941192163CE00060066 /* InspireTests.xctest */,
			);
			name = Products;
			sourceTree = "<group>";
		};
		7F539922192163CD00060066 /* Frameworks */ = {
			isa = PBXGroup;
			children = (
				7F539923192163CD00060066 /* Cocoa.framework */,
				7F539942192163CE00060066 /* XCTest.framework */,
				7F539925192163CD00060066 /* Other Frameworks */,
			);
			name = Frameworks;
			sourceTree = "<group>";
		};
		7F539925192163CD00060066 /* Other Frameworks */ = {
			isa = PBXGroup;
			children = (
				7F539926192163CD00060066 /* AppKit.framework */,
				7F539927192163CD00060066 /* CoreData.framework */,
				7F539928192163CD00060066 /* Foundation.framework */,
			);
			name = "Other Frameworks";
			sourceTree = "<group>";
		};
		7F539929192163CD00060066 /* Inspire */ = {
			isa = PBXGroup;
			children = (
				7F539935192163CD00060066 /* AppDelegate.h */,
				7F539936192163CD00060066 /* AppDelegate.m */,
				7F539938192163CE00060066 /* MainMenu.xib */,
				7F53993B192163CE00060066 /* Images.xcassets */,
				7FFC3F9419217473003205EE /* PrefsViewController.h */,
				7FFC3F9519217473003205EE /* PrefsViewController.m */,
				7FFC3F9619217473003205EE /* PrefsViewController.xib */,
				7F53992A192163CD00060066 /* Supporting Files */,
			);
			path = Inspire;
			sourceTree = "<group>";
		};
		7F53992A192163CD00060066 /* Supporting Files */ = {
			isa = PBXGroup;
			children = (
				7F53992B192163CD00060066 /* Inspire-Info.plist */,
				7F53992C192163CD00060066 /* InfoPlist.strings */,
				7F53992F192163CD00060066 /* main.m */,
				7F539931192163CD00060066 /* Inspire-Prefix.pch */,
				7F539932192163CD00060066 /* Credits.rtf */,
			);
			name = "Supporting Files";
			sourceTree = "<group>";
		};
		7F539947192163CE00060066 /* InspireTests */ = {
			isa = PBXGroup;
			children = (
				7F53994D192163CE00060066 /* InspireTests.m */,
				7F539948192163CE00060066 /* Supporting Files */,
			);
			path = InspireTests;
			sourceTree = "<group>";
		};
		7F539948192163CE00060066 /* Supporting Files */ = {
			isa = PBXGroup;
			children = (
				7F539949192163CE00060066 /* InspireTests-Info.plist */,
				7F53994A192163CE00060066 /* InfoPlist.strings */,
			);
			name = "Supporting Files";
			sourceTree = "<group>";
		};
/* End PBXGroup section */

/* Begin PBXNativeTarget section */
		7F53991F192163CD00060066 /* Inspire */ = {
			isa = PBXNativeTarget;
			buildConfigurationList = 7F539951192163CE00060066 /* Build configuration list for PBXNativeTarget "Inspire" */;
			buildPhases = (
				7F53991C192163CD00060066 /* Sources */,
				7F53991D192163CD00060066 /* Frameworks */,
				7F53991E192163CD00060066 /* Resources */,
			);
			buildRules = (
			);
			dependencies = (
			);
			name = Inspire;
			productName = Inspire;
			productReference = 7F539920192163CD00060066 /* Inspire.app */;
			productType = "com.apple.product-type.application";
		};
		7F539940192163CE00060066 /* InspireTests */ = {
			isa = PBXNativeTarget;
			buildConfigurationList = 7F539954192163CE00060066 /* Build configuration list for PBXNativeTarget "InspireTests" */;
			buildPhases = (
				7F53993D192163CE00060066 /* Sources */,
				7F53993E192163CE00060066 /* Frameworks */,
				7F53993F192163CE00060066 /* Resources */,
			);
			buildRules = (
			);
			dependencies = (
				7F539946192163CE00060066 /* PBXTargetDependency */,
			);
			name = InspireTests;
			productName = InspireTests;
			productReference = 7F539941192163CE00060066 /* InspireTests.xctest */;
			productType = "com.apple.product-type.bundle.unit-test";
		};
/* End PBXNativeTarget section */

/* Begin PBXProject section */
		7F539918192163CD00060066 /* Project object */ = {
			isa = PBXProject;
			attributes = {
				LastUpgradeCheck = 0510;
				ORGANIZATIONNAME = "Gareth Jackson";
				TargetAttributes = {
					7F539940192163CE00060066 = {
						TestTargetID = 7F53991F192163CD00060066;
					};
				};
			};
			buildConfigurationList = 7F53991B192163CD00060066 /* Build configuration list for PBXProject "Inspire" */;
			compatibilityVersion = "Xcode 3.2";
			developmentRegion = English;
			hasScannedForEncodings = 0;
			knownRegions = (
				en,
				Base,
			);
			mainGroup = 7F539917192163CD00060066;
			productRefGroup = 7F539921192163CD00060066 /* Products */;
			projectDirPath = "";
			projectRoot = "";
			targets = (
				7F53991F192163CD00060066 /* Inspire */,
				7F539940192163CE00060066 /* InspireTests */,
			);
		};
/* End PBXProject section */

/* Begin PBXResourcesBuildPhase section */
		7F53991E192163CD00060066 /* Resources */ = {
			isa = PBXResourcesBuildPhase;
			buildActionMask = 2147483647;
			files = (
				7FFC3F9819217473003205EE /* PrefsViewController.xib in Resources */,
				7F53992E192163CD00060066 /* InfoPlist.strings in Resources */,
				7F53993C192163CE00060066 /* Images.xcassets in Resources */,
				7F539934192163CD00060066 /* Credits.rtf in Resources */,
				7F53993A192163CE00060066 /* MainMenu.xib in Resources */,
			);
			runOnlyForDeploymentPostprocessing = 0;
		};
		7F53993F192163CE00060066 /* Resources */ = {
			isa = PBXResourcesBuildPhase;
			buildActionMask = 2147483647;
			files = (
				7F53994C192163CE00060066 /* InfoPlist.strings in Resources */,
			);
			runOnlyForDeploymentPostprocessing = 0;
		};
/* End PBXResourcesBuildPhase section */

/* Begin PBXSourcesBuildPhase section */
		7F53991C192163CD00060066 /* Sources */ = {
			isa = PBXSourcesBuildPhase;
			buildActionMask = 2147483647;
			files = (
				7FFC3F9719217473003205EE /* PrefsViewController.m in Sources */,
				7F539937192163CD00060066 /* AppDelegate.m in Sources */,
				7F539930192163CD00060066 /* main.m in Sources */,
			);
			runOnlyForDeploymentPostprocessing = 0;
		};
		7F53993D192163CE00060066 /* Sources */ = {
			isa = PBXSourcesBuildPhase;
			buildActionMask = 2147483647;
			files = (
				7F53994E192163CE00060066 /* InspireTests.m in Sources */,
			);
			runOnlyForDeploymentPostprocessing = 0;
		};
/* End PBXSourcesBuildPhase section */

/* Begin PBXTargetDependency section */
		7F539946192163CE00060066 /* PBXTargetDependency */ = {
			isa = PBXTargetDependency;
			target = 7F53991F192163CD00060066 /* Inspire */;
			targetProxy = 7F539945192163CE00060066 /* PBXContainerItemProxy */;
		};
/* End PBXTargetDependency section */

/* Begin PBXVariantGroup section */
		7F53992C192163CD00060066 /* InfoPlist.strings */ = {
			isa = PBXVariantGroup;
			children = (
				7F53992D192163CD00060066 /* en */,
			);
			name = InfoPlist.strings;
			sourceTree = "<group>";
		};
		7F539932192163CD00060066 /* Credits.rtf */ = {
			isa = PBXVariantGroup;
			children = (
				7F539933192163CD00060066 /* en */,
			);
			name = Credits.rtf;
			sourceTree = "<group>";
		};
		7F539938192163CE00060066 /* MainMenu.xib */ = {
			isa = PBXVariantGroup;
			children = (
				7F539939192163CE00060066 /* Base */,
			);
			name = MainMenu.xib;
			sourceTree = "<group>";
		};
		7F53994A192163CE00060066 /* InfoPlist.strings */ = {
			isa = PBXVariantGroup;
			children = (
				7F53994B192163CE00060066 /* en */,
			);
			name = InfoPlist.strings;
			sourceTree = "<group>";
		};
/* End PBXVariantGroup section */

/* Begin XCBuildConfiguration section */
		7F53994F192163CE00060066 /* Debug */ = {
			isa = XCBuildConfiguration;
			buildSettings = {
				ALWAYS_SEARCH_USER_PATHS = NO;
				ARCHS = "$(ARCHS_STANDARD_64_BIT)";
				CLANG_CXX_LANGUAGE_STANDARD = "gnu++0x";
				CLANG_CXX_LIBRARY = "libc++";
				CLANG_ENABLE_MODULES = YES;
				CLANG_ENABLE_OBJC_ARC = YES;
				CLANG_WARN_BOOL_CONVERSION = YES;
				CLANG_WARN_CONSTANT_CONVERSION = YES;
				CLANG_WARN_DIRECT_OBJC_ISA_USAGE = YES_ERROR;
				CLANG_WARN_EMPTY_BODY = YES;
				CLANG_WARN_ENUM_CONVERSION = YES;
				CLANG_WARN_INT_CONVERSION = YES;
				CLANG_WARN_OBJC_ROOT_CLASS = YES_ERROR;
				CLANG_WARN__DUPLICATE_METHOD_MATCH = YES;
				COPY_PHASE_STRIP = NO;
				GCC_C_LANGUAGE_STANDARD = gnu99;
				GCC_DYNAMIC_NO_PIC = NO;
				GCC_ENABLE_OBJC_EXCEPTIONS = YES;
				GCC_OPTIMIZATION_LEVEL = 0;
				GCC_PREPROCESSOR_DEFINITIONS = (
					"DEBUG=1",
					"$(inherited)",
				);
				GCC_SYMBOLS_PRIVATE_EXTERN = NO;
				GCC_WARN_64_TO_32_BIT_CONVERSION = YES;
				GCC_WARN_ABOUT_RETURN_TYPE = YES_ERROR;
				GCC_WARN_UNDECLARED_SELECTOR = YES;
				GCC_WARN_UNINITIALIZED_AUTOS = YES_AGGRESSIVE;
				GCC_WARN_UNUSED_FUNCTION = YES;
				GCC_WARN_UNUSED_VARIABLE = YES;
				MACOSX_DEPLOYMENT_TARGET = 10.9;
				ONLY_ACTIVE_ARCH = YES;
				SDKROOT = macosx;
			};
			name = Debug;
		};
		7F539950192163CE00060066 /* Release */ = {
			isa = XCBuildConfiguration;
			buildSettings = {
				ALWAYS_SEARCH_USER_PATHS = NO;
				ARCHS = "$(ARCHS_STANDARD_64_BIT)";
				CLANG_CXX_LANGUAGE_STANDARD = "gnu++0x";
				CLANG_CXX_LIBRARY = "libc++";
				CLANG_ENABLE_MODULES = YES;
				CLANG_ENABLE_OBJC_ARC = YES;
				CLANG_WARN_BOOL_CONVERSION = YES;
				CLANG_WARN_CONSTANT_CONVERSION = YES;
				CLANG_WARN_DIRECT_OBJC_ISA_USAGE = YES_ERROR;
				CLANG_WARN_EMPTY_BODY = YES;
				CLANG_WARN_ENUM_CONVERSION = YES;
				CLANG_WARN_INT_CONVERSION = YES;
				CLANG_WARN_OBJC_ROOT_CLASS = YES_ERROR;
				CLANG_WARN__DUPLICATE_METHOD_MATCH = YES;
				COPY_PHASE_STRIP = YES;
				DEBUG_INFORMATION_FORMAT = "dwarf-with-dsym";
				ENABLE_NS_ASSERTIONS = NO;
				GCC_C_LANGUAGE_STANDARD = gnu99;
				GCC_ENABLE_OBJC_EXCEPTIONS = YES;
				GCC_WARN_64_TO_32_BIT_CONVERSION = YES;
				GCC_WARN_ABOUT_RETURN_TYPE = YES_ERROR;
				GCC_WARN_UNDECLARED_SELECTOR = YES;
				GCC_WARN_UNINITIALIZED_AUTOS = YES_AGGRESSIVE;
				GCC_WARN_UNUSED_FUNCTION = YES;
				GCC_WARN_UNUSED_VARIABLE = YES;
				MACOSX_DEPLOYMENT_TARGET = 10.9;
				SDKROOT = macosx;
			};
			name = Release;
		};
		7F539952192163CE00060066 /* Debug */ = {
			isa = XCBuildConfiguration;
			buildSettings = {
				ASSETCATALOG_COMPILER_APPICON_NAME = AppIcon;
				COMBINE_HIDPI_IMAGES = YES;
				GCC_PRECOMPILE_PREFIX_HEADER = YES;
				GCC_PREFIX_HEADER = "Inspire/Inspire-Prefix.pch";
				INFOPLIST_FILE = "Inspire/Inspire-Info.plist";
				PRODUCT_NAME = "$(TARGET_NAME)";
				WRAPPER_EXTENSION = app;
			};
			name = Debug;
		};
		7F539953192163CE00060066 /* Release */ = {
			isa = XCBuildConfiguration;
			buildSettings = {
				ASSETCATALOG_COMPILER_APPICON_NAME = AppIcon;
				COMBINE_HIDPI_IMAGES = YES;
				GCC_PRECOMPILE_PREFIX_HEADER = YES;
				GCC_PREFIX_HEADER = "Inspire/Inspire-Prefix.pch";
				INFOPLIST_FILE = "Inspire/Inspire-Info.plist";
				PRODUCT_NAME = "$(TARGET_NAME)";
				WRAPPER_EXTENSION = app;
			};
			name = Release;
		};
		7F539955192163CE00060066 /* Debug */ = {
			isa = XCBuildConfiguration;
			buildSettings = {
				BUNDLE_LOADER = "$(BUILT_PRODUCTS_DIR)/Inspire.app/Contents/MacOS/Inspire";
				COMBINE_HIDPI_IMAGES = YES;
				FRAMEWORK_SEARCH_PATHS = (
					"$(DEVELOPER_FRAMEWORKS_DIR)",
					"$(inherited)",
				);
				GCC_PRECOMPILE_PREFIX_HEADER = YES;
				GCC_PREFIX_HEADER = "Inspire/Inspire-Prefix.pch";
				GCC_PREPROCESSOR_DEFINITIONS = (
					"DEBUG=1",
					"$(inherited)",
				);
				INFOPLIST_FILE = "InspireTests/InspireTests-Info.plist";
				PRODUCT_NAME = "$(TARGET_NAME)";
				TEST_HOST = "$(BUNDLE_LOADER)";
				WRAPPER_EXTENSION = xctest;
			};
			name = Debug;
		};
		7F539956192163CE00060066 /* Release */ = {
			isa = XCBuildConfiguration;
			buildSettings = {
				BUNDLE_LOADER = "$(BUILT_PRODUCTS_DIR)/Inspire.app/Contents/MacOS/Inspire";
				COMBINE_HIDPI_IMAGES = YES;
				FRAMEWORK_SEARCH_PATHS = (
					"$(DEVELOPER_FRAMEWORKS_DIR)",
					"$(inherited)",
				);
				GCC_PRECOMPILE_PREFIX_HEADER = YES;
				GCC_PREFIX_HEADER = "Inspire/Inspire-Prefix.pch";
				INFOPLIST_FILE = "InspireTests/InspireTests-Info.plist";
				PRODUCT_NAME = "$(TARGET_NAME)";
				TEST_HOST = "$(BUNDLE_LOADER)";
				WRAPPER_EXTENSION = xctest;
			};
			name = Release;
		};
/* End XCBuildConfiguration section */

/* Begin XCConfigurationList section */
		7F53991B192163CD00060066 /* Build configuration list for PBXProject "Inspire" */ = {
			isa = XCConfigurationList;
			buildConfigurations = (
				7F53994F192163CE00060066 /* Debug */,
				7F539950192163CE00060066 /* Release */,
			);
			defaultConfigurationIsVisible = 0;
			defaultConfigurationName = Release;
		};
		7F539951192163CE00060066 /* Build configuration list for PBXNativeTarget "Inspire" */ = {
			isa = XCConfigurationList;
			buildConfigurations = (
				7F539952192163CE00060066 /* Debug */,
				7F539953192163CE00060066 /* Release */,
			);
			defaultConfigurationIsVisible = 0;
			defaultConfigurationName = Release;
		};
		7F539954192163CE00060066 /* Build configuration list for PBXNativeTarget "InspireTests" */ = {
			isa = XCConfigurationList;
			buildConfigurations = (
				7F539955192163CE00060066 /* Debug */,
				7F539956192163CE00060066 /* Release */,
			);
			defaultConfigurationIsVisible = 0;
			defaultConfigurationName = Release;
		};
/* End XCConfigurationList section */
	};
	rootObject = 7F539918192163CD00060066 /* Project object */;
}
